<Solution>
  <Project Path="Api.Rest.IssueBoard/Api.Rest.IssueBoard.csproj">
    <BuildDependency Project="Shared.Rest.IssueBoard/Shared.Rest.IssueBoard.csproj" />
  </Project>
  <Project Path="Net10.Maui.Rest.IssueBoard/Net10.Maui.Rest.IssueBoard.csproj">
    <BuildDependency Project="Shared.Rest.IssueBoard/Shared.Rest.IssueBoard.csproj" />
    <Deploy Solution="Debug|*" />
  </Project>
  <Project Path="Shared.Rest.IssueBoard/Shared.Rest.IssueBoard.csproj" />
</Solution>
